
Microsoft Visual Studio Solution File, Format Version 12.00
# Visual Studio 15
VisualStudioVersion = 15.0.28307.329
MinimumVisualStudioVersion = 10.0.40219.1
Project("{A0786B88-2ADB-4C21-ABE8-AA2D79766269}") = "escobar", "..\..\..\..\xampp\htdocs\escobar\escobar\escobar\escobar.phpproj", "{1B9873C5-70D4-4DDD-8796-406F3AD26624}"
EndProject
Global
	GlobalSection(SolutionConfigurationPlatforms) = preSolution
		Debug|Any CPU = Debug|Any CPU
		Release|Any CPU = Release|Any CPU
	EndGlobalSection
	GlobalSection(ProjectConfigurationPlatforms) = postSolution
		{1B9873C5-70D4-4DDD-8796-406F3AD26624}.Debug|Any CPU.ActiveCfg = Debug|Any CPU
		{1B9873C5-70D4-4DDD-8796-406F3AD26624}.Release|Any CPU.ActiveCfg = Release|Any CPU
	EndGlobalSection
	GlobalSection(SolutionProperties) = preSolution
		HideSolutionNode = FALSE
	EndGlobalSection
	GlobalSection(ExtensibilityGlobals) = postSolution
		SolutionGuid = {191F1385-3E63-4931-B232-6BC5BFC57794}
	EndGlobalSection
EndGlobal
